
Microsoft Visual Studio Solution File, Format Version 12.00
# Visual Studio 15
Project("{FAE04EC0-301F-11D3-BF4B-00C04F79EFBC}") = "Assembly-CSharp", "Assembly-CSharp.csproj", "{BD939BAA-0814-E7D0-15B6-A30A118F3E8D}"
EndProject
Project("{FAE04EC0-301F-11D3-BF4B-00C04F79EFBC}") = "Assembly-CSharp-Editor", "Assembly-CSharp-Editor.csproj", "{434121FA-695F-4FB6-425F-E4DF61F6ACBB}"
EndProject
Global
	GlobalSection(SolutionConfigurationPlatforms) = preSolution
		Debug|Any CPU = Debug|Any CPU
		Release|Any CPU = Release|Any CPU
	EndGlobalSection
	GlobalSection(ProjectConfigurationPlatforms) = postSolution
		{BD939BAA-0814-E7D0-15B6-A30A118F3E8D}.Debug|Any CPU.ActiveCfg = Debug|Any CPU
		{BD939BAA-0814-E7D0-15B6-A30A118F3E8D}.Debug|Any CPU.Build.0 = Debug|Any CPU
		{BD939BAA-0814-E7D0-15B6-A30A118F3E8D}.Release|Any CPU.ActiveCfg = Release|Any CPU
		{BD939BAA-0814-E7D0-15B6-A30A118F3E8D}.Release|Any CPU.Build.0 = Release|Any CPU
		{434121FA-695F-4FB6-425F-E4DF61F6ACBB}.Debug|Any CPU.ActiveCfg = Debug|Any CPU
		{434121FA-695F-4FB6-425F-E4DF61F6ACBB}.Debug|Any CPU.Build.0 = Debug|Any CPU
		{434121FA-695F-4FB6-425F-E4DF61F6ACBB}.Release|Any CPU.ActiveCfg = Release|Any CPU
		{434121FA-695F-4FB6-425F-E4DF61F6ACBB}.Release|Any CPU.Build.0 = Release|Any CPU
	EndGlobalSection
	GlobalSection(SolutionProperties) = preSolution
		HideSolutionNode = FALSE
	EndGlobalSection
EndGlobal
